
Microsoft Visual Studio Solution File, Format Version 12.00
# Visual Studio Version 16
VisualStudioVersion = 16.0.30204.135
MinimumVisualStudioVersion = 10.0.40219.1
Project("{9A19103F-16F7-4668-BE54-9A1E7A4F7556}") = "ConsoleApp1", "ConsoleApp1.csproj", "{66E0A640-8B50-4684-AA64-C81002DC46BB}"
EndProject
Project("{9A19103F-16F7-4668-BE54-9A1E7A4F7556}") = "ConsoleApp2", "..\ConsoleApp2\ConsoleApp2.csproj", "{CB4E35B0-3AAB-432C-9F82-168DC10B5927}"
EndProject
Global
	GlobalSection(SolutionConfigurationPlatforms) = preSolution
		Debug|Any CPU = Debug|Any CPU
		Release|Any CPU = Release|Any CPU
	EndGlobalSection
	GlobalSection(ProjectConfigurationPlatforms) = postSolution
		{66E0A640-8B50-4684-AA64-C81002DC46BB}.Debug|Any CPU.ActiveCfg = Debug|Any CPU
		{66E0A640-8B50-4684-AA64-C81002DC46BB}.Debug|Any CPU.Build.0 = Debug|Any CPU
		{66E0A640-8B50-4684-AA64-C81002DC46BB}.Release|Any CPU.ActiveCfg = Release|Any CPU
		{66E0A640-8B50-4684-AA64-C81002DC46BB}.Release|Any CPU.Build.0 = Release|Any CPU
		{CB4E35B0-3AAB-432C-9F82-168DC10B5927}.Debug|Any CPU.ActiveCfg = Debug|Any CPU
		{CB4E35B0-3AAB-432C-9F82-168DC10B5927}.Debug|Any CPU.Build.0 = Debug|Any CPU
		{CB4E35B0-3AAB-432C-9F82-168DC10B5927}.Release|Any CPU.ActiveCfg = Release|Any CPU
		{CB4E35B0-3AAB-432C-9F82-168DC10B5927}.Release|Any CPU.Build.0 = Release|Any CPU
	EndGlobalSection
	GlobalSection(SolutionProperties) = preSolution
		HideSolutionNode = FALSE
	EndGlobalSection
	GlobalSection(ExtensibilityGlobals) = postSolution
		SolutionGuid = {2F9E367B-6CA3-4849-A7B4-99DD97E1820D}
	EndGlobalSection
EndGlobal
