
Microsoft Visual Studio Solution File, Format Version 12.00
# Visual Studio Version 16
VisualStudioVersion = 16.0.30804.86
MinimumVisualStudioVersion = 10.0.40219.1
Project("{9A19103F-16F7-4668-BE54-9A1E7A4F7556}") = "MyConsoleApps", "MyConsoleApps.csproj", "{496E1743-44B2-42E5-A007-39D1066D8220}"
EndProject
Global
	GlobalSection(SolutionConfigurationPlatforms) = preSolution
		Debug|Any CPU = Debug|Any CPU
		Release|Any CPU = Release|Any CPU
	EndGlobalSection
	GlobalSection(ProjectConfigurationPlatforms) = postSolution
		{496E1743-44B2-42E5-A007-39D1066D8220}.Debug|Any CPU.ActiveCfg = Debug|Any CPU
		{496E1743-44B2-42E5-A007-39D1066D8220}.Debug|Any CPU.Build.0 = Debug|Any CPU
		{496E1743-44B2-42E5-A007-39D1066D8220}.Release|Any CPU.ActiveCfg = Release|Any CPU
		{496E1743-44B2-42E5-A007-39D1066D8220}.Release|Any CPU.Build.0 = Release|Any CPU
	EndGlobalSection
	GlobalSection(SolutionProperties) = preSolution
		HideSolutionNode = FALSE
	EndGlobalSection
	GlobalSection(ExtensibilityGlobals) = postSolution
		SolutionGuid = {E3B33CE8-1228-4872-91FB-DF2057D7638B}
	EndGlobalSection
EndGlobal
